<?xml version="1.0" encoding="UTF-8" standalone="yes" ?>
<CodeBlocks_project_file>
	<FileVersion major="1" minor="6" />
	<Project>
		<Option title="HomeBudget" />
		<Option pch_mode="2" />
		<Option compiler="gcc" />
		<Build>
			<Target title="Debug">
				<Option output="bin/Debug/HomeBudget" prefix_auto="1" extension_auto="1" />
				<Option object_output="obj/Debug/" />
				<Option type="1" />
				<Option compiler="gcc" />
				<Compiler>
					<Add option="-g" />
				</Compiler>
			</Target>
			<Target title="Release">
				<Option output="bin/Release/HomeBudget" prefix_auto="1" extension_auto="1" />
				<Option object_output="obj/Release/" />
				<Option type="1" />
				<Option compiler="gcc" />
				<Compiler>
					<Add option="-O2" />
				</Compiler>
				<Linker>
					<Add option="-s" />
				</Linker>
			</Target>
		</Build>
		<Compiler>
			<Add option="-Wall" />
			<Add option="-fexceptions" />
		</Compiler>
		<Unit filename="AuxiliaryMethods.cpp" />
		<Unit filename="AuxiliaryMethods.h" />
		<Unit filename="BudgetManager.cpp" />
		<Unit filename="BudgetManager.h" />
		<Unit filename="DateOperations.cpp" />
		<Unit filename="DateOperations.h" />
		<Unit filename="Expenses.cpp" />
		<Unit filename="Expenses.h" />
		<Unit filename="ExpensesFileManager.cpp" />
		<Unit filename="ExpensesFileManager.h" />
		<Unit filename="FilesManager.cpp" />
		<Unit filename="FilesManager.h" />
		<Unit filename="HomeBudget.cpp" />
		<Unit filename="HomeBudget.h" />
		<Unit filename="Incomes.cpp" />
		<Unit filename="Incomes.h" />
		<Unit filename="IncomesFileManager.cpp" />
		<Unit filename="IncomesFileManager.h" />
		<Unit filename="Markup.cpp" />
		<Unit filename="Markup.h" />
		<Unit filename="Users.cpp" />
		<Unit filename="Users.h" />
		<Unit filename="UsersFileManager.cpp" />
		<Unit filename="UsersFileManager.h" />
		<Unit filename="UsersManager.cpp" />
		<Unit filename="UsersManager.h" />
		<Unit filename="main.cpp" />
		<Extensions>
			<code_completion />
			<envvars />
			<debugger />
		</Extensions>
	</Project>
</CodeBlocks_project_file>
